// !$*UTF8*$!
{
	archiveVersion = 1;
	classes = {
	};
	objectVersion = 77;
	objects = {

/* Begin PBXBuildFile section */
		6DA7BF812F6F047B00E50DBB /* FirebaseAuth in Frameworks */ = {isa = PBXBuildFile; productRef = 6DA7BF802F6F047B00E50DBB /* FirebaseAuth */; };
		6DA7BF832F6F047B00E50DBB /* FirebaseCore in Frameworks */ = {isa = PBXBuildFile; productRef = 6DA7BF822F6F047B00E50DBB /* FirebaseCore */; };
		6DA7BF8E2F6F0A0200E50DBB /* GoogleSignIn in Frameworks */ = {isa = PBXBuildFile; productRef = 6DA7BF8D2F6F0A0200E50DBB /* GoogleSignIn */; };
		6DA7BF902F6F0A0200E50DBB /* GoogleSignInSwift in Frameworks */ = {isa = PBXBuildFile; productRef = 6DA7BF8F2F6F0A0200E50DBB /* GoogleSignInSwift */; };
		7A6A8E9B4C1D2E3F00112233 /* FirebaseFirestore in Frameworks */ = {isa = PBXBuildFile; productRef = 7A6A8E9B4C1D2E3F00112232 /* FirebaseFirestore */; };
		7B6B9F0C5D3E4F5A00112231 /* FirebaseStorage in Frameworks */ = {isa = PBXBuildFile; productRef = 7B6B9F0C5D3E4F5A00112230 /* FirebaseStorage */; };
		8FA7BF912F6F047B00E50DBB /* FirebaseAnalytics in Frameworks */ = {isa = PBXBuildFile; productRef = 8FA7BF902F6F047B00E50DBB /* FirebaseAnalytics */; };
		C1A2B3C52F6F050000E50DB1 /* FirebaseCrashlytics in Frameworks */ = {isa = PBXBuildFile; productRef = C1A2B3C42F6F050000E50DB1 /* FirebaseCrashlytics */; };
/* End PBXBuildFile section */

/* Begin PBXContainerItemProxy section */
		E25B4D062F6EEF090072C53A /* PBXContainerItemProxy */ = {
			isa = PBXContainerItemProxy;
			containerPortal = E25B4CEC2F6EEF060072C53A /* Project object */;
			proxyType = 1;
			remoteGlobalIDString = E25B4CF32F6EEF060072C53A;
			remoteInfo = bitchcup;
		};
		E25B4D102F6EEF090072C53A /* PBXContainerItemProxy */ = {
			isa = PBXContainerItemProxy;
			containerPortal = E25B4CEC2F6EEF060072C53A /* Project object */;
			proxyType = 1;
			remoteGlobalIDString = E25B4CF32F6EEF060072C53A;
			remoteInfo = bitchcup;
		};
/* End PBXContainerItemProxy section */

/* Begin PBXFileReference section */
		E25B4CF42F6EEF060072C53A /* bitchcup.app */ = {isa = PBXFileReference; explicitFileType = wrapper.application; includeInIndex = 0; path = bitchcup.app; sourceTree = BUILT_PRODUCTS_DIR; };
		E25B4D052F6EEF090072C53A /* bitchcupTests.xctest */ = {isa = PBXFileReference; explicitFileType = wrapper.cfbundle; includeInIndex = 0; path = bitchcupTests.xctest; sourceTree = BUILT_PRODUCTS_DIR; };
		E25B4D0F2F6EEF090072C53A /* bitchcupUITests.xctest */ = {isa = PBXFileReference; explicitFileType = wrapper.cfbundle; includeInIndex = 0; path = bitchcupUITests.xctest; sourceTree = BUILT_PRODUCTS_DIR; };
/* End PBXFileReference section */

/* Begin PBXFileSystemSynchronizedBuildFileExceptionSet section */
		6DFF3B5F2F723A870083E278 /* Exceptions for "bitchcup" folder in "bitchcup" target */ = {
			isa = PBXFileSystemSynchronizedBuildFileExceptionSet;
			membershipExceptions = (
				Info.plist,
			);
			target = E25B4CF32F6EEF060072C53A /* bitchcup */;
		};
/* End PBXFileSystemSynchronizedBuildFileExceptionSet section */

/* Begin PBXFileSystemSynchronizedRootGroup section */
		E25B4CF62F6EEF060072C53A /* bitchcup */ = {
			isa = PBXFileSystemSynchronizedRootGroup;
			exceptions = (
				6DFF3B5F2F723A870083E278 /* Exceptions for "bitchcup" folder in "bitchcup" target */,
			);
			path = bitchcup;
			sourceTree = "<group>";
		};
		E25B4D082F6EEF090072C53A /* bitchcupTests */ = {
			isa = PBXFileSystemSynchronizedRootGroup;
			path = bitchcupTests;
			sourceTree = "<group>";
		};
		E25B4D122F6EEF090072C53A /* bitchcupUITests */ = {
			isa = PBXFileSystemSynchronizedRootGroup;
			path = bitchcupUITests;
			sourceTree = "<group>";
		};
/* End PBXFileSystemSynchronizedRootGroup section */

/* Begin PBXFrameworksBuildPhase section */
		E25B4CF12F6EEF060072C53A /* Frameworks */ = {
			isa = PBXFrameworksBuildPhase;
			buildActionMask = 2147483647;
			files = (
				6DA7BF832F6F047B00E50DBB /* FirebaseCore in Frameworks */,
				6DA7BF812F6F047B00E50DBB /* FirebaseAuth in Frameworks */,
				7A6A8E9B4C1D2E3F00112233 /* FirebaseFirestore in Frameworks */,
				7B6B9F0C5D3E4F5A00112231 /* FirebaseStorage in Frameworks */,
				8FA7BF912F6F047B00E50DBB /* FirebaseAnalytics in Frameworks */,
				C1A2B3C52F6F050000E50DB1 /* FirebaseCrashlytics in Frameworks */,
				6DA7BF8E2F6F0A0200E50DBB /* GoogleSignIn in Frameworks */,
				6DA7BF902F6F0A0200E50DBB /* GoogleSignInSwift in Frameworks */,
			);
			runOnlyForDeploymentPostprocessing = 0;
		};
		E25B4D022F6EEF090072C53A /* Frameworks */ = {
			isa = PBXFrameworksBuildPhase;
			buildActionMask = 2147483647;
			files = (
			);
			runOnlyForDeploymentPostprocessing = 0;
		};
		E25B4D0C2F6EEF090072C53A /* Frameworks */ = {
			isa = PBXFrameworksBuildPhase;
			buildActionMask = 2147483647;
			files = (
			);
			runOnlyForDeploymentPostprocessing = 0;
		};
/* End PBXFrameworksBuildPhase section */

/* Begin PBXGroup section */
		E25B4CEB2F6EEF060072C53A = {
			isa = PBXGroup;
			children = (
				E25B4CF62F6EEF060072C53A /* bitchcup */,
				E25B4D082F6EEF090072C53A /* bitchcupTests */,
				E25B4D122F6EEF090072C53A /* bitchcupUITests */,
				E25B4CF52F6EEF060072C53A /* Products */,
			);
			sourceTree = "<group>";
		};
		E25B4CF52F6EEF060072C53A /* Products */ = {
			isa = PBXGroup;
			children = (
				E25B4CF42F6EEF060072C53A /* bitchcup.app */,
				E25B4D052F6EEF090072C53A /* bitchcupTests.xctest */,
				E25B4D0F2F6EEF090072C53A /* bitchcupUITests.xctest */,
			);
			name = Products;
			sourceTree = "<group>";
		};
/* End PBXGroup section */

/* Begin PBXNativeTarget section */
		E25B4CF32F6EEF060072C53A /* bitchcup */ = {
			isa = PBXNativeTarget;
			buildConfigurationList = E25B4D192F6EEF090072C53A /* Build configuration list for PBXNativeTarget "bitchcup" */;
			buildPhases = (
				E25B4CF02F6EEF060072C53A /* Sources */,
				E25B4CF12F6EEF060072C53A /* Frameworks */,
				E25B4CF22F6EEF060072C53A /* Resources */,
				E25B4CFA2F6EEF060072C53A /* Firebase Crashlytics */,
			);
			buildRules = (
			);
			dependencies = (
			);
			fileSystemSynchronizedGroups = (
				E25B4CF62F6EEF060072C53A /* bitchcup */,
			);
			name = bitchcup;
			packageProductDependencies = (
				6DA7BF802F6F047B00E50DBB /* FirebaseAuth */,
				6DA7BF822F6F047B00E50DBB /* FirebaseCore */,
				7A6A8E9B4C1D2E3F00112232 /* FirebaseFirestore */,
				7B6B9F0C5D3E4F5A00112230 /* FirebaseStorage */,
				8FA7BF902F6F047B00E50DBB /* FirebaseAnalytics */,
				C1A2B3C42F6F050000E50DB1 /* FirebaseCrashlytics */,
				6DA7BF8D2F6F0A0200E50DBB /* GoogleSignIn */,
				6DA7BF8F2F6F0A0200E50DBB /* GoogleSignInSwift */,
			);
			productName = bitchcup;
			productReference = E25B4CF42F6EEF060072C53A /* bitchcup.app */;
			productType = "com.apple.product-type.application";
		};
		E25B4D042F6EEF090072C53A /* bitchcupTests */ = {
			isa = PBXNativeTarget;
			buildConfigurationList = E25B4D1C2F6EEF090072C53A /* Build configuration list for PBXNativeTarget "bitchcupTests" */;
			buildPhases = (
				E25B4D012F6EEF090072C53A /* Sources */,
				E25B4D022F6EEF090072C53A /* Frameworks */,
				E25B4D032F6EEF090072C53A /* Resources */,
			);
			buildRules = (
			);
			dependencies = (
				E25B4D072F6EEF090072C53A /* PBXTargetDependency */,
			);
			fileSystemSynchronizedGroups = (
				E25B4D082F6EEF090072C53A /* bitchcupTests */,
			);
			name = bitchcupTests;
			packageProductDependencies = (
			);
			productName = bitchcupTests;
			productReference = E25B4D052F6EEF090072C53A /* bitchcupTests.xctest */;
			productType = "com.apple.product-type.bundle.unit-test";
		};
		E25B4D0E2F6EEF090072C53A /* bitchcupUITests */ = {
			isa = PBXNativeTarget;
			buildConfigurationList = E25B4D1F2F6EEF090072C53A /* Build configuration list for PBXNativeTarget "bitchcupUITests" */;
			buildPhases = (
				E25B4D0B2F6EEF090072C53A /* Sources */,
				E25B4D0C2F6EEF090072C53A /* Frameworks */,
				E25B4D0D2F6EEF090072C53A /* Resources */,
			);
			buildRules = (
			);
			dependencies = (
				E25B4D112F6EEF090072C53A /* PBXTargetDependency */,
			);
			fileSystemSynchronizedGroups = (
				E25B4D122F6EEF090072C53A /* bitchcupUITests */,
			);
			name = bitchcupUITests;
			packageProductDependencies = (
			);
			productName = bitchcupUITests;
			productReference = E25B4D0F2F6EEF090072C53A /* bitchcupUITests.xctest */;
			productType = "com.apple.product-type.bundle.ui-testing";
		};
/* End PBXNativeTarget section */

/* Begin PBXProject section */
		E25B4CEC2F6EEF060072C53A /* Project object */ = {
			isa = PBXProject;
			attributes = {
				BuildIndependentTargetsInParallel = 1;
				LastSwiftUpdateCheck = 1620;
				LastUpgradeCheck = 1620;
				TargetAttributes = {
					E25B4CF32F6EEF060072C53A = {
						CreatedOnToolsVersion = 16.2;
					};
					E25B4D042F6EEF090072C53A = {
						CreatedOnToolsVersion = 16.2;
						TestTargetID = E25B4CF32F6EEF060072C53A;
					};
					E25B4D0E2F6EEF090072C53A = {
						CreatedOnToolsVersion = 16.2;
						TestTargetID = E25B4CF32F6EEF060072C53A;
					};
				};
			};
			buildConfigurationList = E25B4CEF2F6EEF060072C53A /* Build configuration list for PBXProject "bitchcup" */;
			developmentRegion = en;
			hasScannedForEncodings = 0;
			knownRegions = (
				en,
				Base,
			);
			mainGroup = E25B4CEB2F6EEF060072C53A;
			minimizedProjectReferenceProxies = 1;
			packageReferences = (
				6DA7BF7F2F6F047B00E50DBB /* XCRemoteSwiftPackageReference "firebase-ios-sdk" */,
				6DA7BF8C2F6F0A0200E50DBB /* XCRemoteSwiftPackageReference "GoogleSignIn-iOS" */,
			);
			preferredProjectObjectVersion = 77;
			productRefGroup = E25B4CF52F6EEF060072C53A /* Products */;
			projectDirPath = "";
			projectRoot = "";
			targets = (
				E25B4CF32F6EEF060072C53A /* bitchcup */,
				E25B4D042F6EEF090072C53A /* bitchcupTests */,
				E25B4D0E2F6EEF090072C53A /* bitchcupUITests */,
			);
		};
/* End PBXProject section */

/* Begin PBXResourcesBuildPhase section */
		E25B4CF22F6EEF060072C53A /* Resources */ = {
			isa = PBXResourcesBuildPhase;
			buildActionMask = 2147483647;
			files = (
			);
			runOnlyForDeploymentPostprocessing = 0;
		};
		E25B4D032F6EEF090072C53A /* Resources */ = {
			isa = PBXResourcesBuildPhase;
			buildActionMask = 2147483647;
			files = (
			);
			runOnlyForDeploymentPostprocessing = 0;
		};
		E25B4D0D2F6EEF090072C53A /* Resources */ = {
			isa = PBXResourcesBuildPhase;
			buildActionMask = 2147483647;
			files = (
			);
			runOnlyForDeploymentPostprocessing = 0;
		};
/* End PBXResourcesBuildPhase section */

/* Begin PBXShellScriptBuildPhase section */
		E25B4CFA2F6EEF060072C53A /* Firebase Crashlytics */ = {
			isa = PBXShellScriptBuildPhase;
			buildActionMask = 2147483647;
			files = (
			);
			inputFileListPaths = (
			);
			inputPaths = (
				"${DWARF_DSYM_FOLDER_PATH}/${DWARF_DSYM_FILE_NAME}/Contents/Resources/DWARF/${TARGET_NAME}",
				"$(BUILT_PRODUCTS_DIR)/$(INFOPLIST_PATH)",
				"${TARGET_BUILD_DIR}/${UNLOCALIZED_RESOURCES_FOLDER_PATH}/GoogleService-Info.plist",
			);
			name = "Firebase Crashlytics";
			outputFileListPaths = (
			);
			outputPaths = (
			);
			runOnlyForDeploymentPostprocessing = 0;
			shellPath = /bin/sh;
			shellScript = "\"${BUILD_DIR%/Build/*}/SourcePackages/checkouts/firebase-ios-sdk/Crashlytics/run\"\n";
		};
/* End PBXShellScriptBuildPhase section */

/* Begin PBXSourcesBuildPhase section */
		E25B4CF02F6EEF060072C53A /* Sources */ = {
			isa = PBXSourcesBuildPhase;
			buildActionMask = 2147483647;
			files = (
			);
			runOnlyForDeploymentPostprocessing = 0;
		};
		E25B4D012F6EEF090072C53A /* Sources */ = {
			isa = PBXSourcesBuildPhase;
			buildActionMask = 2147483647;
			files = (
			);
			runOnlyForDeploymentPostprocessing = 0;
		};
		E25B4D0B2F6EEF090072C53A /* Sources */ = {
			isa = PBXSourcesBuildPhase;
			buildActionMask = 2147483647;
			files = (
			);
			runOnlyForDeploymentPostprocessing = 0;
		};
/* End PBXSourcesBuildPhase section */

/* Begin PBXTargetDependency section */
		E25B4D072F6EEF090072C53A /* PBXTargetDependency */ = {
			isa = PBXTargetDependency;
			target = E25B4CF32F6EEF060072C53A /* bitchcup */;
			targetProxy = E25B4D062F6EEF090072C53A /* PBXContainerItemProxy */;
		};
		E25B4D112F6EEF090072C53A /* PBXTargetDependency */ = {
			isa = PBXTargetDependency;
			target = E25B4CF32F6EEF060072C53A /* bitchcup */;
			targetProxy = E25B4D102F6EEF090072C53A /* PBXContainerItemProxy */;
		};
/* End PBXTargetDependency section */

/* Begin XCBuildConfiguration section */
		E25B4D172F6EEF090072C53A /* Debug */ = {
			isa = XCBuildConfiguration;
			buildSettings = {
				ALWAYS_SEARCH_USER_PATHS = NO;
				ASSETCATALOG_COMPILER_GENERATE_SWIFT_ASSET_SYMBOL_EXTENSIONS = YES;
				CLANG_ANALYZER_NONNULL = YES;
				CLANG_ANALYZER_NUMBER_OBJECT_CONVERSION = YES_AGGRESSIVE;
				CLANG_CXX_LANGUAGE_STANDARD = "gnu++20";
				CLANG_ENABLE_MODULES = YES;
				CLANG_ENABLE_OBJC_ARC = YES;
				CLANG_ENABLE_OBJC_WEAK = YES;
				CLANG_WARN_BLOCK_CAPTURE_AUTORELEASING = YES;
				CLANG_WARN_BOOL_CONVERSION = YES;
				CLANG_WARN_COMMA = YES;
				CLANG_WARN_CONSTANT_CONVERSION = YES;
				CLANG_WARN_DEPRECATED_OBJC_IMPLEMENTATIONS = YES;
				CLANG_WARN_DIRECT_OBJC_ISA_USAGE = YES_ERROR;
				CLANG_WARN_DOCUMENTATION_COMMENTS = YES;
				CLANG_WARN_EMPTY_BODY = YES;
				CLANG_WARN_ENUM_CONVERSION = YES;
				CLANG_WARN_INFINITE_RECURSION = YES;
				CLANG_WARN_INT_CONVERSION = YES;
				CLANG_WARN_NON_LITERAL_NULL_CONVERSION = YES;
				CLANG_WARN_OBJC_IMPLICIT_RETAIN_SELF = YES;
				CLANG_WARN_OBJC_LITERAL_CONVERSION = YES;
				CLANG_WARN_OBJC_ROOT_CLASS = YES_ERROR;
				CLANG_WARN_QUOTED_INCLUDE_IN_FRAMEWORK_HEADER = YES;
				CLANG_WARN_RANGE_LOOP_ANALYSIS = YES;
				CLANG_WARN_STRICT_PROTOTYPES = YES;
				CLANG_WARN_SUSPICIOUS_MOVE = YES;
				CLANG_WARN_UNGUARDED_AVAILABILITY = YES_AGGRESSIVE;
				CLANG_WARN_UNREACHABLE_CODE = YES;
				CLANG_WARN__DUPLICATE_METHOD_MATCH = YES;
				COPY_PHASE_STRIP = NO;
				DEBUG_INFORMATION_FORMAT = dwarf;
				ENABLE_STRICT_OBJC_MSGSEND = YES;
				ENABLE_TESTABILITY = YES;
				ENABLE_USER_SCRIPT_SANDBOXING = YES;
				GCC_C_LANGUAGE_STANDARD = gnu17;
				GCC_DYNAMIC_NO_PIC = NO;
				GCC_NO_COMMON_BLOCKS = YES;
				GCC_OPTIMIZATION_LEVEL = 0;
				GCC_PREPROCESSOR_DEFINITIONS = (
					"DEBUG=1",
					"$(inherited)",
				);
				GCC_WARN_64_TO_32_BIT_CONVERSION = YES;
				GCC_WARN_ABOUT_RETURN_TYPE = YES_ERROR;
				GCC_WARN_UNDECLARED_SELECTOR = YES;
				GCC_WARN_UNINITIALIZED_AUTOS = YES_AGGRESSIVE;
				GCC_WARN_UNUSED_FUNCTION = YES;
				GCC_WARN_UNUSED_VARIABLE = YES;
				LOCALIZATION_PREFERS_STRING_CATALOGS = YES;
				MTL_ENABLE_DEBUG_INFO = INCLUDE_SOURCE;
				MTL_FAST_MATH = YES;
				ONLY_ACTIVE_ARCH = YES;
				SWIFT_ACTIVE_COMPILATION_CONDITIONS = "DEBUG $(inherited)";
				SWIFT_OPTIMIZATION_LEVEL = "-Onone";
			};
			name = Debug;
		};
		E25B4D182F6EEF090072C53A /* Release */ = {
			isa = XCBuildConfiguration;
			buildSettings = {
				ALWAYS_SEARCH_USER_PATHS = NO;
				ASSETCATALOG_COMPILER_GENERATE_SWIFT_ASSET_SYMBOL_EXTENSIONS = YES;
				CLANG_ANALYZER_NONNULL = YES;
				CLANG_ANALYZER_NUMBER_OBJECT_CONVERSION = YES_AGGRESSIVE;
				CLANG_CXX_LANGUAGE_STANDARD = "gnu++20";
				CLANG_ENABLE_MODULES = YES;
				CLANG_ENABLE_OBJC_ARC = YES;
				CLANG_ENABLE_OBJC_WEAK = YES;
				CLANG_WARN_BLOCK_CAPTURE_AUTORELEASING = YES;
				CLANG_WARN_BOOL_CONVERSION = YES;
				CLANG_WARN_COMMA = YES;
				CLANG_WARN_CONSTANT_CONVERSION = YES;
				CLANG_WARN_DEPRECATED_OBJC_IMPLEMENTATIONS = YES;
				CLANG_WARN_DIRECT_OBJC_ISA_USAGE = YES_ERROR;
				CLANG_WARN_DOCUMENTATION_COMMENTS = YES;
				CLANG_WARN_EMPTY_BODY = YES;
				CLANG_WARN_ENUM_CONVERSION = YES;
				CLANG_WARN_INFINITE_RECURSION = YES;
				CLANG_WARN_INT_CONVERSION = YES;
				CLANG_WARN_NON_LITERAL_NULL_CONVERSION = YES;
				CLANG_WARN_OBJC_IMPLICIT_RETAIN_SELF = YES;
				CLANG_WARN_OBJC_LITERAL_CONVERSION = YES;
				CLANG_WARN_OBJC_ROOT_CLASS = YES_ERROR;
				CLANG_WARN_QUOTED_INCLUDE_IN_FRAMEWORK_HEADER = YES;
				CLANG_WARN_RANGE_LOOP_ANALYSIS = YES;
				CLANG_WARN_STRICT_PROTOTYPES = YES;
				CLANG_WARN_SUSPICIOUS_MOVE = YES;
				CLANG_WARN_UNGUARDED_AVAILABILITY = YES_AGGRESSIVE;
				CLANG_WARN_UNREACHABLE_CODE = YES;
				CLANG_WARN__DUPLICATE_METHOD_MATCH = YES;
				COPY_PHASE_STRIP = NO;
				DEBUG_INFORMATION_FORMAT = "dwarf-with-dsym";
				ENABLE_NS_ASSERTIONS = NO;
				ENABLE_STRICT_OBJC_MSGSEND = YES;
				ENABLE_USER_SCRIPT_SANDBOXING = YES;
				GCC_C_LANGUAGE_STANDARD = gnu17;
				GCC_NO_COMMON_BLOCKS = YES;
				GCC_WARN_64_TO_32_BIT_CONVERSION = YES;
				GCC_WARN_ABOUT_RETURN_TYPE = YES_ERROR;
				GCC_WARN_UNDECLARED_SELECTOR = YES;
				GCC_WARN_UNINITIALIZED_AUTOS = YES_AGGRESSIVE;
				GCC_WARN_UNUSED_FUNCTION = YES;
				GCC_WARN_UNUSED_VARIABLE = YES;
				LOCALIZATION_PREFERS_STRING_CATALOGS = YES;
				MTL_ENABLE_DEBUG_INFO = NO;
				MTL_FAST_MATH = YES;
				SWIFT_COMPILATION_MODE = wholemodule;
			};
			name = Release;
		};
		E25B4D1A2F6EEF090072C53A /* Debug */ = {
			isa = XCBuildConfiguration;
			buildSettings = {
				ASSETCATALOG_COMPILER_APPICON_NAME = AppIcon;
				ASSETCATALOG_COMPILER_GLOBAL_ACCENT_COLOR_NAME = AccentColor;
				CODE_SIGN_ENTITLEMENTS = "";
				CODE_SIGN_IDENTITY = "-";
				"CODE_SIGN_IDENTITY[sdk=iphoneos*]" = "Apple Development";
				"CODE_SIGN_IDENTITY[sdk=macosx*]" = "-";
				"CODE_SIGN_IDENTITY[sdk=xros*]" = "Apple Development";
				CODE_SIGN_STYLE = Automatic;
				CURRENT_PROJECT_VERSION = 1;
				DEVELOPMENT_ASSET_PATHS = "";
				DEVELOPMENT_TEAM = 9JAR6G5RP6;
				ENABLE_HARDENED_RUNTIME = YES;
				ENABLE_PREVIEWS = YES;
				GENERATE_INFOPLIST_FILE = YES;
				INFOPLIST_FILE = bitchcup/Info.plist;
				INFOPLIST_KEY_LSApplicationCategoryType = "";
				INFOPLIST_KEY_NSCameraUsageDescription = "bcup needs camera access to capture photos for your game log.";
				INFOPLIST_KEY_NSPhotoLibraryUsageDescription = "bcup needs access to your photo library to set your profile picture and to attach photos to game logs.";
				"INFOPLIST_KEY_UIApplicationSceneManifest_Generation[sdk=iphoneos*]" = YES;
				"INFOPLIST_KEY_UIApplicationSceneManifest_Generation[sdk=iphonesimulator*]" = YES;
				"INFOPLIST_KEY_UIApplicationSupportsIndirectInputEvents[sdk=iphoneos*]" = YES;
				"INFOPLIST_KEY_UIApplicationSupportsIndirectInputEvents[sdk=iphonesimulator*]" = YES;
				"INFOPLIST_KEY_UILaunchScreen_Generation[sdk=iphoneos*]" = YES;
				"INFOPLIST_KEY_UILaunchScreen_Generation[sdk=iphonesimulator*]" = YES;
				"INFOPLIST_KEY_UIStatusBarStyle[sdk=iphoneos*]" = UIStatusBarStyleDefault;
				"INFOPLIST_KEY_UIStatusBarStyle[sdk=iphonesimulator*]" = UIStatusBarStyleDefault;
				INFOPLIST_KEY_UISupportedInterfaceOrientations_iPad = "UIInterfaceOrientationPortrait UIInterfaceOrientationPortraitUpsideDown UIInterfaceOrientationLandscapeLeft UIInterfaceOrientationLandscapeRight";
				INFOPLIST_KEY_UISupportedInterfaceOrientations_iPhone = "UIInterfaceOrientationPortrait UIInterfaceOrientationLandscapeLeft UIInterfaceOrientationLandscapeRight";
				IPHONEOS_DEPLOYMENT_TARGET = 18.2;
				LD_RUNPATH_SEARCH_PATHS = "@executable_path/Frameworks";
				"LD_RUNPATH_SEARCH_PATHS[sdk=macosx*]" = "@executable_path/../Frameworks";
				MACOSX_DEPLOYMENT_TARGET = 15.2;
				MARKETING_VERSION = 1.0;
				PRODUCT_BUNDLE_IDENTIFIER = com.lindsay.bitchcup.bitchcup;
				PRODUCT_NAME = "$(TARGET_NAME)";
				PROVISIONING_PROFILE_SPECIFIER = "";
				SDKROOT = auto;
				SUPPORTED_PLATFORMS = "iphoneos iphonesimulator macosx xros xrsimulator";
				SWIFT_EMIT_LOC_STRINGS = YES;
				SWIFT_VERSION = 5.0;
				TARGETED_DEVICE_FAMILY = "1,2,7";
				XROS_DEPLOYMENT_TARGET = 2.2;
			};
			name = Debug;
		};
		E25B4D1B2F6EEF090072C53A /* Release */ = {
			isa = XCBuildConfiguration;
			buildSettings = {
				ASSETCATALOG_COMPILER_APPICON_NAME = AppIcon;
				ASSETCATALOG_COMPILER_GLOBAL_ACCENT_COLOR_NAME = AccentColor;
				CODE_SIGN_ENTITLEMENTS = "";
				CODE_SIGN_IDENTITY = "Apple Development";
				CODE_SIGN_STYLE = Automatic;
				CURRENT_PROJECT_VERSION = 1;
				DEVELOPMENT_ASSET_PATHS = "";
				DEVELOPMENT_TEAM = 9JAR6G5RP6;
				ENABLE_HARDENED_RUNTIME = YES;
				ENABLE_PREVIEWS = YES;
				GENERATE_INFOPLIST_FILE = YES;
				INFOPLIST_FILE = bitchcup/Info.plist;
				INFOPLIST_KEY_LSApplicationCategoryType = "";
				INFOPLIST_KEY_NSCameraUsageDescription = "bcup needs camera access to capture photos for your game log.";
				INFOPLIST_KEY_NSPhotoLibraryUsageDescription = "bcup needs access to your photo library to set your profile picture and to attach photos to game logs.";
				"INFOPLIST_KEY_UIApplicationSceneManifest_Generation[sdk=iphoneos*]" = YES;
				"INFOPLIST_KEY_UIApplicationSceneManifest_Generation[sdk=iphonesimulator*]" = YES;
				"INFOPLIST_KEY_UIApplicationSupportsIndirectInputEvents[sdk=iphoneos*]" = YES;
				"INFOPLIST_KEY_UIApplicationSupportsIndirectInputEvents[sdk=iphonesimulator*]" = YES;
				"INFOPLIST_KEY_UILaunchScreen_Generation[sdk=iphoneos*]" = YES;
				"INFOPLIST_KEY_UILaunchScreen_Generation[sdk=iphonesimulator*]" = YES;
				"INFOPLIST_KEY_UIStatusBarStyle[sdk=iphoneos*]" = UIStatusBarStyleDefault;
				"INFOPLIST_KEY_UIStatusBarStyle[sdk=iphonesimulator*]" = UIStatusBarStyleDefault;
				INFOPLIST_KEY_UISupportedInterfaceOrientations_iPad = "UIInterfaceOrientationPortrait UIInterfaceOrientationPortraitUpsideDown UIInterfaceOrientationLandscapeLeft UIInterfaceOrientationLandscapeRight";
				INFOPLIST_KEY_UISupportedInterfaceOrientations_iPhone = "UIInterfaceOrientationPortrait UIInterfaceOrientationLandscapeLeft UIInterfaceOrientationLandscapeRight";
				IPHONEOS_DEPLOYMENT_TARGET = 18.2;
				LD_RUNPATH_SEARCH_PATHS = "@executable_path/Frameworks";
				"LD_RUNPATH_SEARCH_PATHS[sdk=macosx*]" = "@executable_path/../Frameworks";
				MACOSX_DEPLOYMENT_TARGET = 15.2;
				MARKETING_VERSION = 1.0;
				PRODUCT_BUNDLE_IDENTIFIER = com.lindsay.bitchcup.bitchcup;
				PRODUCT_NAME = "$(TARGET_NAME)";
				PROVISIONING_PROFILE_SPECIFIER = "";
				SDKROOT = auto;
				SUPPORTED_PLATFORMS = "iphoneos iphonesimulator macosx xros xrsimulator";
				SWIFT_EMIT_LOC_STRINGS = YES;
				SWIFT_VERSION = 5.0;
				TARGETED_DEVICE_FAMILY = "1,2,7";
				XROS_DEPLOYMENT_TARGET = 2.2;
			};
			name = Release;
		};
		E25B4D1D2F6EEF090072C53A /* Debug */ = {
			isa = XCBuildConfiguration;
			buildSettings = {
				BUNDLE_LOADER = "$(TEST_HOST)";
				CODE_SIGN_STYLE = Automatic;
				CURRENT_PROJECT_VERSION = 1;
				DEVELOPMENT_TEAM = 9JAR6G5RP6;
				GENERATE_INFOPLIST_FILE = YES;
				IPHONEOS_DEPLOYMENT_TARGET = 18.2;
				MACOSX_DEPLOYMENT_TARGET = 15.2;
				MARKETING_VERSION = 1.0;
				PRODUCT_BUNDLE_IDENTIFIER = com.lindsay.bitchcup.bitchcupTests;
				PRODUCT_NAME = "$(TARGET_NAME)";
				SDKROOT = auto;
				SUPPORTED_PLATFORMS = "iphoneos iphonesimulator macosx xros xrsimulator";
				SWIFT_EMIT_LOC_STRINGS = NO;
				SWIFT_VERSION = 5.0;
				TARGETED_DEVICE_FAMILY = "1,2,7";
				TEST_HOST = "$(BUILT_PRODUCTS_DIR)/bitchcup.app/$(BUNDLE_EXECUTABLE_FOLDER_PATH)/bitchcup";
				XROS_DEPLOYMENT_TARGET = 2.2;
			};
			name = Debug;
		};
		E25B4D1E2F6EEF090072C53A /* Release */ = {
			isa = XCBuildConfiguration;
			buildSettings = {
				BUNDLE_LOADER = "$(TEST_HOST)";
				"CODE_SIGN_IDENTITY[sdk=macosx*]" = "Apple Development";
				CODE_SIGN_STYLE = Automatic;
				CURRENT_PROJECT_VERSION = 1;
				DEVELOPMENT_TEAM = 9JAR6G5RP6;
				GENERATE_INFOPLIST_FILE = YES;
				IPHONEOS_DEPLOYMENT_TARGET = 18.2;
				MACOSX_DEPLOYMENT_TARGET = 15.2;
				MARKETING_VERSION = 1.0;
				PRODUCT_BUNDLE_IDENTIFIER = com.lindsay.bitchcup.bitchcupTests;
				PRODUCT_NAME = "$(TARGET_NAME)";
				SDKROOT = auto;
				SUPPORTED_PLATFORMS = "iphoneos iphonesimulator macosx xros xrsimulator";
				SWIFT_EMIT_LOC_STRINGS = NO;
				SWIFT_VERSION = 5.0;
				TARGETED_DEVICE_FAMILY = "1,2,7";
				TEST_HOST = "$(BUILT_PRODUCTS_DIR)/bitchcup.app/$(BUNDLE_EXECUTABLE_FOLDER_PATH)/bitchcup";
				XROS_DEPLOYMENT_TARGET = 2.2;
			};
			name = Release;
		};
		E25B4D202F6EEF090072C53A /* Debug */ = {
			isa = XCBuildConfiguration;
			buildSettings = {
				CODE_SIGN_STYLE = Automatic;
				CURRENT_PROJECT_VERSION = 1;
				DEVELOPMENT_TEAM = 9JAR6G5RP6;
				GENERATE_INFOPLIST_FILE = YES;
				IPHONEOS_DEPLOYMENT_TARGET = 18.2;
				MACOSX_DEPLOYMENT_TARGET = 15.2;
				MARKETING_VERSION = 1.0;
				PRODUCT_BUNDLE_IDENTIFIER = com.lindsay.bitchcup.bitchcupUITests;
				PRODUCT_NAME = "$(TARGET_NAME)";
				SDKROOT = auto;
				SUPPORTED_PLATFORMS = "iphoneos iphonesimulator macosx xros xrsimulator";
				SWIFT_EMIT_LOC_STRINGS = NO;
				SWIFT_VERSION = 5.0;
				TARGETED_DEVICE_FAMILY = "1,2,7";
				TEST_TARGET_NAME = bitchcup;
				XROS_DEPLOYMENT_TARGET = 2.2;
			};
			name = Debug;
		};
		E25B4D212F6EEF090072C53A /* Release */ = {
			isa = XCBuildConfiguration;
			buildSettings = {
				CODE_SIGN_STYLE = Automatic;
				CURRENT_PROJECT_VERSION = 1;
				DEVELOPMENT_TEAM = 9JAR6G5RP6;
				GENERATE_INFOPLIST_FILE = YES;
				IPHONEOS_DEPLOYMENT_TARGET = 18.2;
				MACOSX_DEPLOYMENT_TARGET = 15.2;
				MARKETING_VERSION = 1.0;
				PRODUCT_BUNDLE_IDENTIFIER = com.lindsay.bitchcup.bitchcupUITests;
				PRODUCT_NAME = "$(TARGET_NAME)";
				SDKROOT = auto;
				SUPPORTED_PLATFORMS = "iphoneos iphonesimulator macosx xros xrsimulator";
				SWIFT_EMIT_LOC_STRINGS = NO;
				SWIFT_VERSION = 5.0;
				TARGETED_DEVICE_FAMILY = "1,2,7";
				TEST_TARGET_NAME = bitchcup;
				XROS_DEPLOYMENT_TARGET = 2.2;
			};
			name = Release;
		};
/* End XCBuildConfiguration section */

/* Begin XCConfigurationList section */
		E25B4CEF2F6EEF060072C53A /* Build configuration list for PBXProject "bitchcup" */ = {
			isa = XCConfigurationList;
			buildConfigurations = (
				E25B4D172F6EEF090072C53A /* Debug */,
				E25B4D182F6EEF090072C53A /* Release */,
			);
			defaultConfigurationIsVisible = 0;
			defaultConfigurationName = Release;
		};
		E25B4D192F6EEF090072C53A /* Build configuration list for PBXNativeTarget "bitchcup" */ = {
			isa = XCConfigurationList;
			buildConfigurations = (
				E25B4D1A2F6EEF090072C53A /* Debug */,
				E25B4D1B2F6EEF090072C53A /* Release */,
			);
			defaultConfigurationIsVisible = 0;
			defaultConfigurationName = Release;
		};
		E25B4D1C2F6EEF090072C53A /* Build configuration list for PBXNativeTarget "bitchcupTests" */ = {
			isa = XCConfigurationList;
			buildConfigurations = (
				E25B4D1D2F6EEF090072C53A /* Debug */,
				E25B4D1E2F6EEF090072C53A /* Release */,
			);
			defaultConfigurationIsVisible = 0;
			defaultConfigurationName = Release;
		};
		E25B4D1F2F6EEF090072C53A /* Build configuration list for PBXNativeTarget "bitchcupUITests" */ = {
			isa = XCConfigurationList;
			buildConfigurations = (
				E25B4D202F6EEF090072C53A /* Debug */,
				E25B4D212F6EEF090072C53A /* Release */,
			);
			defaultConfigurationIsVisible = 0;
			defaultConfigurationName = Release;
		};
/* End XCConfigurationList section */

/* Begin XCRemoteSwiftPackageReference section */
		6DA7BF7F2F6F047B00E50DBB /* XCRemoteSwiftPackageReference "firebase-ios-sdk" */ = {
			isa = XCRemoteSwiftPackageReference;
			repositoryURL = "https://github.com/firebase/firebase-ios-sdk";
			requirement = {
				kind = upToNextMajorVersion;
				minimumVersion = 12.11.0;
			};
		};
		6DA7BF8C2F6F0A0200E50DBB /* XCRemoteSwiftPackageReference "GoogleSignIn-iOS" */ = {
			isa = XCRemoteSwiftPackageReference;
			repositoryURL = "https://github.com/google/GoogleSignIn-iOS";
			requirement = {
				kind = upToNextMajorVersion;
				minimumVersion = 9.1.0;
			};
		};
/* End XCRemoteSwiftPackageReference section */

/* Begin XCSwiftPackageProductDependency section */
		6DA7BF802F6F047B00E50DBB /* FirebaseAuth */ = {
			isa = XCSwiftPackageProductDependency;
			package = 6DA7BF7F2F6F047B00E50DBB /* XCRemoteSwiftPackageReference "firebase-ios-sdk" */;
			productName = FirebaseAuth;
		};
		6DA7BF822F6F047B00E50DBB /* FirebaseCore */ = {
			isa = XCSwiftPackageProductDependency;
			package = 6DA7BF7F2F6F047B00E50DBB /* XCRemoteSwiftPackageReference "firebase-ios-sdk" */;
			productName = FirebaseCore;
		};
		6DA7BF8D2F6F0A0200E50DBB /* GoogleSignIn */ = {
			isa = XCSwiftPackageProductDependency;
			package = 6DA7BF8C2F6F0A0200E50DBB /* XCRemoteSwiftPackageReference "GoogleSignIn-iOS" */;
			productName = GoogleSignIn;
		};
		6DA7BF8F2F6F0A0200E50DBB /* GoogleSignInSwift */ = {
			isa = XCSwiftPackageProductDependency;
			package = 6DA7BF8C2F6F0A0200E50DBB /* XCRemoteSwiftPackageReference "GoogleSignIn-iOS" */;
			productName = GoogleSignInSwift;
		};
		7A6A8E9B4C1D2E3F00112232 /* FirebaseFirestore */ = {
			isa = XCSwiftPackageProductDependency;
			package = 6DA7BF7F2F6F047B00E50DBB /* XCRemoteSwiftPackageReference "firebase-ios-sdk" */;
			productName = FirebaseFirestore;
		};
		7B6B9F0C5D3E4F5A00112230 /* FirebaseStorage */ = {
			isa = XCSwiftPackageProductDependency;
			package = 6DA7BF7F2F6F047B00E50DBB /* XCRemoteSwiftPackageReference "firebase-ios-sdk" */;
			productName = FirebaseStorage;
		};
		8FA7BF902F6F047B00E50DBB /* FirebaseAnalytics */ = {
			isa = XCSwiftPackageProductDependency;
			package = 6DA7BF7F2F6F047B00E50DBB /* XCRemoteSwiftPackageReference "firebase-ios-sdk" */;
			productName = FirebaseAnalytics;
		};
		C1A2B3C42F6F050000E50DB1 /* FirebaseCrashlytics */ = {
			isa = XCSwiftPackageProductDependency;
			package = 6DA7BF7F2F6F047B00E50DBB /* XCRemoteSwiftPackageReference "firebase-ios-sdk" */;
			productName = FirebaseCrashlytics;
		};
/* End XCSwiftPackageProductDependency section */
	};
	rootObject = E25B4CEC2F6EEF060072C53A /* Project object */;
}
